
Microsoft Visual Studio Solution File, Format Version 12.00
# Visual Studio Version 17
VisualStudioVersion = 17.1.32210.238
MinimumVisualStudioVersion = 10.0.40219.1
Project("{9A19103F-16F7-4668-BE54-9A1E7A4F7556}") = "GenerateWord", "src\GenerateWord\GenerateWord.csproj", "{8C77D672-B844-4E94-9D60-D3B2CAD34884}"
EndProject
Project("{2150E333-8FDC-42A3-9474-1A3956D46DE8}") = "OpenXML", "OpenXML", "{1E3AD96A-6D35-4AE9-9BFB-853E568F107F}"
EndProject
Project("{2150E333-8FDC-42A3-9474-1A3956D46DE8}") = "SSO", "SSO", "{D28D2EA7-15DA-4059-A42C-5D2C83F75F71}"
EndProject
Project("{9A19103F-16F7-4668-BE54-9A1E7A4F7556}") = "GG.SSO.Entity.MySql", "src\GG.SSO.Entity\GG.SSO.Entity.MySql.csproj", "{607B20CD-2246-461C-9DDB-10AE2A11FA5A}"
EndProject
Project("{9A19103F-16F7-4668-BE54-9A1E7A4F7556}") = "GG.SSO.DataBaseBusiness", "src\GG.SSO.DataBaseBusiness\GG.SSO.DataBaseBusiness.csproj", "{D4921ED0-7DE1-4A5E-9320-428C1C31EDE9}"
EndProject
Project("{9A19103F-16F7-4668-BE54-9A1E7A4F7556}") = "GG.SSO.BusinesLogic", "src\GG.SSO.BusinesLogic\GG.SSO.BusinesLogic.csproj", "{74DC4706-BAEA-4212-A4EA-9FC6ED814F4D}"
EndProject
Project("{9A19103F-16F7-4668-BE54-9A1E7A4F7556}") = "GG.SSO", "src\GG.SSO\GG.SSO.csproj", "{DDCDA9DC-C131-4E61-BF71-ADEDC7305888}"
EndProject
Global
	GlobalSection(SolutionConfigurationPlatforms) = preSolution
		Debug|Any CPU = Debug|Any CPU
		Release|Any CPU = Release|Any CPU
	EndGlobalSection
	GlobalSection(ProjectConfigurationPlatforms) = postSolution
		{8C77D672-B844-4E94-9D60-D3B2CAD34884}.Debug|Any CPU.ActiveCfg = Debug|Any CPU
		{8C77D672-B844-4E94-9D60-D3B2CAD34884}.Debug|Any CPU.Build.0 = Debug|Any CPU
		{8C77D672-B844-4E94-9D60-D3B2CAD34884}.Release|Any CPU.ActiveCfg = Release|Any CPU
		{8C77D672-B844-4E94-9D60-D3B2CAD34884}.Release|Any CPU.Build.0 = Release|Any CPU
		{607B20CD-2246-461C-9DDB-10AE2A11FA5A}.Debug|Any CPU.ActiveCfg = Debug|Any CPU
		{607B20CD-2246-461C-9DDB-10AE2A11FA5A}.Debug|Any CPU.Build.0 = Debug|Any CPU
		{607B20CD-2246-461C-9DDB-10AE2A11FA5A}.Release|Any CPU.ActiveCfg = Release|Any CPU
		{607B20CD-2246-461C-9DDB-10AE2A11FA5A}.Release|Any CPU.Build.0 = Release|Any CPU
		{D4921ED0-7DE1-4A5E-9320-428C1C31EDE9}.Debug|Any CPU.ActiveCfg = Debug|Any CPU
		{D4921ED0-7DE1-4A5E-9320-428C1C31EDE9}.Debug|Any CPU.Build.0 = Debug|Any CPU
		{D4921ED0-7DE1-4A5E-9320-428C1C31EDE9}.Release|Any CPU.ActiveCfg = Release|Any CPU
		{D4921ED0-7DE1-4A5E-9320-428C1C31EDE9}.Release|Any CPU.Build.0 = Release|Any CPU
		{74DC4706-BAEA-4212-A4EA-9FC6ED814F4D}.Debug|Any CPU.ActiveCfg = Debug|Any CPU
		{74DC4706-BAEA-4212-A4EA-9FC6ED814F4D}.Debug|Any CPU.Build.0 = Debug|Any CPU
		{74DC4706-BAEA-4212-A4EA-9FC6ED814F4D}.Release|Any CPU.ActiveCfg = Release|Any CPU
		{74DC4706-BAEA-4212-A4EA-9FC6ED814F4D}.Release|Any CPU.Build.0 = Release|Any CPU
		{DDCDA9DC-C131-4E61-BF71-ADEDC7305888}.Debug|Any CPU.ActiveCfg = Debug|Any CPU
		{DDCDA9DC-C131-4E61-BF71-ADEDC7305888}.Debug|Any CPU.Build.0 = Debug|Any CPU
		{DDCDA9DC-C131-4E61-BF71-ADEDC7305888}.Release|Any CPU.ActiveCfg = Release|Any CPU
		{DDCDA9DC-C131-4E61-BF71-ADEDC7305888}.Release|Any CPU.Build.0 = Release|Any CPU
	EndGlobalSection
	GlobalSection(SolutionProperties) = preSolution
		HideSolutionNode = FALSE
	EndGlobalSection
	GlobalSection(NestedProjects) = preSolution
		{8C77D672-B844-4E94-9D60-D3B2CAD34884} = {1E3AD96A-6D35-4AE9-9BFB-853E568F107F}
		{607B20CD-2246-461C-9DDB-10AE2A11FA5A} = {D28D2EA7-15DA-4059-A42C-5D2C83F75F71}
		{D4921ED0-7DE1-4A5E-9320-428C1C31EDE9} = {D28D2EA7-15DA-4059-A42C-5D2C83F75F71}
		{74DC4706-BAEA-4212-A4EA-9FC6ED814F4D} = {D28D2EA7-15DA-4059-A42C-5D2C83F75F71}
		{DDCDA9DC-C131-4E61-BF71-ADEDC7305888} = {D28D2EA7-15DA-4059-A42C-5D2C83F75F71}
	EndGlobalSection
	GlobalSection(ExtensibilityGlobals) = postSolution
		SolutionGuid = {A531FB7D-5843-49A2-93CE-B878BFF85193}
	EndGlobalSection
EndGlobal
